
Microsoft Visual Studio Solution File, Format Version 12.00
# Visual Studio Version 17
VisualStudioVersion = 17.0.31903.59
MinimumVisualStudioVersion = 10.0.40219.1
Project("{FAE04EC0-301F-11D3-BF4B-00C04F79EFBC}") = "API", "API\API.csproj", "{5177E850-69A6-4395-9E9F-5C5D81F91379}"
EndProject
Project("{FAE04EC0-301F-11D3-BF4B-00C04F79EFBC}") = "Application", "Application\Application.csproj", "{F435B4CF-F326-4D6D-AF3C-8AADF3106B3E}"
EndProject
Project("{FAE04EC0-301F-11D3-BF4B-00C04F79EFBC}") = "Domain", "Domain\Domain.csproj", "{ABBF24F2-F1F1-49D4-B6CE-A6D7086C2BC3}"
EndProject
Project("{FAE04EC0-301F-11D3-BF4B-00C04F79EFBC}") = "Persistence", "Persistence\Persistence.csproj", "{8D812578-2A4A-4EBA-A232-6D96EFB8B4F3}"
EndProject
Global
	GlobalSection(SolutionConfigurationPlatforms) = preSolution
		Debug|Any CPU = Debug|Any CPU
		Release|Any CPU = Release|Any CPU
	EndGlobalSection
	GlobalSection(SolutionProperties) = preSolution
		HideSolutionNode = FALSE
	EndGlobalSection
	GlobalSection(ProjectConfigurationPlatforms) = postSolution
		{5177E850-69A6-4395-9E9F-5C5D81F91379}.Debug|Any CPU.ActiveCfg = Debug|Any CPU
		{5177E850-69A6-4395-9E9F-5C5D81F91379}.Debug|Any CPU.Build.0 = Debug|Any CPU
		{5177E850-69A6-4395-9E9F-5C5D81F91379}.Release|Any CPU.ActiveCfg = Release|Any CPU
		{5177E850-69A6-4395-9E9F-5C5D81F91379}.Release|Any CPU.Build.0 = Release|Any CPU
		{F435B4CF-F326-4D6D-AF3C-8AADF3106B3E}.Debug|Any CPU.ActiveCfg = Debug|Any CPU
		{F435B4CF-F326-4D6D-AF3C-8AADF3106B3E}.Debug|Any CPU.Build.0 = Debug|Any CPU
		{F435B4CF-F326-4D6D-AF3C-8AADF3106B3E}.Release|Any CPU.ActiveCfg = Release|Any CPU
		{F435B4CF-F326-4D6D-AF3C-8AADF3106B3E}.Release|Any CPU.Build.0 = Release|Any CPU
		{ABBF24F2-F1F1-49D4-B6CE-A6D7086C2BC3}.Debug|Any CPU.ActiveCfg = Debug|Any CPU
		{ABBF24F2-F1F1-49D4-B6CE-A6D7086C2BC3}.Debug|Any CPU.Build.0 = Debug|Any CPU
		{ABBF24F2-F1F1-49D4-B6CE-A6D7086C2BC3}.Release|Any CPU.ActiveCfg = Release|Any CPU
		{ABBF24F2-F1F1-49D4-B6CE-A6D7086C2BC3}.Release|Any CPU.Build.0 = Release|Any CPU
		{8D812578-2A4A-4EBA-A232-6D96EFB8B4F3}.Debug|Any CPU.ActiveCfg = Debug|Any CPU
		{8D812578-2A4A-4EBA-A232-6D96EFB8B4F3}.Debug|Any CPU.Build.0 = Debug|Any CPU
		{8D812578-2A4A-4EBA-A232-6D96EFB8B4F3}.Release|Any CPU.ActiveCfg = Release|Any CPU
		{8D812578-2A4A-4EBA-A232-6D96EFB8B4F3}.Release|Any CPU.Build.0 = Release|Any CPU
	EndGlobalSection
EndGlobal
